
Microsoft Visual Studio Solution File, Format Version 12.00
# Visual Studio Version 16
VisualStudioVersion = 16.0.30503.244
MinimumVisualStudioVersion = 10.0.40219.1
Project("{FAE04EC0-301F-11D3-BF4B-00C04F79EFBC}") = "SIGMA_ST", "SIGMA_ST\SIGMA_ST.csproj", "{18842924-9955-426C-BD2D-23A158F3A07E}"
EndProject
Global
	GlobalSection(SolutionConfigurationPlatforms) = preSolution
		Debug|Any CPU = Debug|Any CPU
		Release|Any CPU = Release|Any CPU
	EndGlobalSection
	GlobalSection(ProjectConfigurationPlatforms) = postSolution
		{18842924-9955-426C-BD2D-23A158F3A07E}.Debug|Any CPU.ActiveCfg = Debug|Any CPU
		{18842924-9955-426C-BD2D-23A158F3A07E}.Debug|Any CPU.Build.0 = Debug|Any CPU
		{18842924-9955-426C-BD2D-23A158F3A07E}.Release|Any CPU.ActiveCfg = Release|Any CPU
		{18842924-9955-426C-BD2D-23A158F3A07E}.Release|Any CPU.Build.0 = Release|Any CPU
	EndGlobalSection
	GlobalSection(SolutionProperties) = preSolution
		HideSolutionNode = FALSE
	EndGlobalSection
	GlobalSection(ExtensibilityGlobals) = postSolution
		SolutionGuid = {2CF15881-7FE9-413E-ADDF-17EF3F6C53E9}
	EndGlobalSection
EndGlobal
